
Microsoft Visual Studio Solution File, Format Version 12.00
# Visual Studio 2012
Project("{FAE04EC0-301F-11D3-BF4B-00C04F79EFBC}") = "Programari cabinet medical", "Programari cabinet medical\Programari cabinet medical.csproj", "{FD6E58BE-A718-4529-B516-6D606216CA91}"
EndProject
Global
	GlobalSection(SolutionConfigurationPlatforms) = preSolution
		Debug|Any CPU = Debug|Any CPU
		Release|Any CPU = Release|Any CPU
	EndGlobalSection
	GlobalSection(ProjectConfigurationPlatforms) = postSolution
		{FD6E58BE-A718-4529-B516-6D606216CA91}.Debug|Any CPU.ActiveCfg = Debug|Any CPU
		{FD6E58BE-A718-4529-B516-6D606216CA91}.Debug|Any CPU.Build.0 = Debug|Any CPU
		{FD6E58BE-A718-4529-B516-6D606216CA91}.Release|Any CPU.ActiveCfg = Release|Any CPU
		{FD6E58BE-A718-4529-B516-6D606216CA91}.Release|Any CPU.Build.0 = Release|Any CPU
	EndGlobalSection
	GlobalSection(SolutionProperties) = preSolution
		HideSolutionNode = FALSE
	EndGlobalSection
EndGlobal
