
Microsoft Visual Studio Solution File, Format Version 12.00
# Visual Studio 2012
Project("{FAE04EC0-301F-11D3-BF4B-00C04F79EFBC}") = "Gestiune Autovehicule", "Gestiune Autovehicule\Gestiune Autovehicule.csproj", "{FAE72457-8CC0-4DEC-A14C-AB64CF0EC0F1}"
EndProject
Global
	GlobalSection(SolutionConfigurationPlatforms) = preSolution
		Debug|Any CPU = Debug|Any CPU
		Release|Any CPU = Release|Any CPU
	EndGlobalSection
	GlobalSection(ProjectConfigurationPlatforms) = postSolution
		{FAE72457-8CC0-4DEC-A14C-AB64CF0EC0F1}.Debug|Any CPU.ActiveCfg = Debug|Any CPU
		{FAE72457-8CC0-4DEC-A14C-AB64CF0EC0F1}.Debug|Any CPU.Build.0 = Debug|Any CPU
		{FAE72457-8CC0-4DEC-A14C-AB64CF0EC0F1}.Release|Any CPU.ActiveCfg = Release|Any CPU
		{FAE72457-8CC0-4DEC-A14C-AB64CF0EC0F1}.Release|Any CPU.Build.0 = Release|Any CPU
	EndGlobalSection
	GlobalSection(SolutionProperties) = preSolution
		HideSolutionNode = FALSE
	EndGlobalSection
EndGlobal
